Microsoft Visual Studio Solution File, Format Version 12.00
# Visual Studio 15
VisualStudioVersion = 15.0.27130.2010
MinimumVisualStudioVersion = 10.0.40219.1
Project("{9A19103F-16F7-4668-BE54-9A1E7A4F7556}") = "VanEscolar.Domain", "VanEscolar.Domain\VanEscolar.Domain.csproj", "{BE4CE455-C58B-4FF6-AF63-9A813500F1E5}"
EndProject
Project("{9A19103F-16F7-4668-BE54-9A1E7A4F7556}") = "VanEscolar.Data", "VanEscolar.Data\VanEscolar.Data.csproj", "{D5C679EA-A6A4-40F5-B0F1-2B189CA7DC67}"
EndProject
Project("{9A19103F-16F7-4668-BE54-9A1E7A4F7556}") = "VanEscolar.Api", "VanEscolar.Api\VanEscolar.Api.csproj", "{18F7DFAA-E080-4C5C-92B6-0BEACA85CD5B}"
EndProject
Project("{9A19103F-16F7-4668-BE54-9A1E7A4F7556}") = "VanEscolar.Constants", "VanEscolar.Constants\VanEscolar.Constants.csproj", "{E7922D60-0D14-4A99-9134-94351BA46A4B}"
EndProject
Global
	GlobalSection(SolutionConfigurationPlatforms) = preSolution
		Debug|Any CPU = Debug|Any CPU
		Release|Any CPU = Release|Any CPU
	EndGlobalSection
	GlobalSection(ProjectConfigurationPlatforms) = postSolution
		{BE4CE455-C58B-4FF6-AF63-9A813500F1E5}.Debug|Any CPU.ActiveCfg = Debug|Any CPU
		{BE4CE455-C58B-4FF6-AF63-9A813500F1E5}.Debug|Any CPU.Build.0 = Debug|Any CPU
		{BE4CE455-C58B-4FF6-AF63-9A813500F1E5}.Release|Any CPU.ActiveCfg = Release|Any CPU
		{BE4CE455-C58B-4FF6-AF63-9A813500F1E5}.Release|Any CPU.Build.0 = Release|Any CPU
		{D5C679EA-A6A4-40F5-B0F1-2B189CA7DC67}.Debug|Any CPU.ActiveCfg = Debug|Any CPU
		{D5C679EA-A6A4-40F5-B0F1-2B189CA7DC67}.Debug|Any CPU.Build.0 = Debug|Any CPU
		{D5C679EA-A6A4-40F5-B0F1-2B189CA7DC67}.Release|Any CPU.ActiveCfg = Release|Any CPU
		{D5C679EA-A6A4-40F5-B0F1-2B189CA7DC67}.Release|Any CPU.Build.0 = Release|Any CPU
		{18F7DFAA-E080-4C5C-92B6-0BEACA85CD5B}.Debug|Any CPU.ActiveCfg = Debug|Any CPU
		{18F7DFAA-E080-4C5C-92B6-0BEACA85CD5B}.Debug|Any CPU.Build.0 = Debug|Any CPU
		{18F7DFAA-E080-4C5C-92B6-0BEACA85CD5B}.Release|Any CPU.ActiveCfg = Release|Any CPU
		{18F7DFAA-E080-4C5C-92B6-0BEACA85CD5B}.Release|Any CPU.Build.0 = Release|Any CPU
		{E7922D60-0D14-4A99-9134-94351BA46A4B}.Debug|Any CPU.ActiveCfg = Debug|Any CPU
		{E7922D60-0D14-4A99-9134-94351BA46A4B}.Debug|Any CPU.Build.0 = Debug|Any CPU
		{E7922D60-0D14-4A99-9134-94351BA46A4B}.Release|Any CPU.ActiveCfg = Release|Any CPU
		{E7922D60-0D14-4A99-9134-94351BA46A4B}.Release|Any CPU.Build.0 = Release|Any CPU
	EndGlobalSection
	GlobalSection(SolutionProperties) = preSolution
		HideSolutionNode = FALSE
	EndGlobalSection
	GlobalSection(ExtensibilityGlobals) = postSolution
		SolutionGuid = {DD06E691-8484-4025-9B42-39E128A00A15}
	EndGlobalSection
EndGlobal
